# THIS IS AN AUTOGENERATED FILE. DO NOT EDIT THIS FILE DIRECTLY.
# yarn lockfile v1


"@ast-grep/napi-darwin-arm64@0.37.0":
  version "0.37.0"
  resolved "https://registry.npmmirror.com/@ast-grep/napi-darwin-arm64/-/napi-darwin-arm64-0.37.0.tgz#5cca85937dbe9a75b7e89ddc0cea595111e2d13d"
  integrity sha512-QAiIiaAbLvMEg/yBbyKn+p1gX2/FuaC0SMf7D7capm/oG4xGMzdeaQIcSosF4TCxxV+hIH4Bz9e4/u7w6Bnk3Q==

"@ast-grep/napi-darwin-x64@0.37.0":
  version "0.37.0"
  resolved "https://registry.npmmirror.com/@ast-grep/napi-darwin-x64/-/napi-darwin-x64-0.37.0.tgz#433c19fb2584c81b2e04b1900430b7b547908319"
  integrity sha512-zvcvdgekd4ySV3zUbUp8HF5nk5zqwiMXTuVzTUdl/w08O7JjM6XPOIVT+d2o/MqwM9rsXdzdergY5oY2RdhSPA==

"@ast-grep/napi-linux-arm64-gnu@0.37.0":
  version "0.37.0"
  resolved "https://registry.npmmirror.com/@ast-grep/napi-linux-arm64-gnu/-/napi-linux-arm64-gnu-0.37.0.tgz#2d7ea5cb97560cb704ff4e73daf5b372335387bf"
  integrity sha512-L7Sj0lXy8X+BqSMgr1LB8cCoWk0rericdeu+dC8/c8zpsav5Oo2IQKY1PmiZ7H8IHoFBbURLf8iklY9wsD+cyA==

"@ast-grep/napi-linux-arm64-musl@0.37.0":
  version "0.37.0"
  resolved "https://registry.npmmirror.com/@ast-grep/napi-linux-arm64-musl/-/napi-linux-arm64-musl-0.37.0.tgz#dc35c759c71f9a3431b6d3764ce50074a6071bef"
  integrity sha512-LF9sAvYy6es/OdyJDO3RwkX3I82Vkfsng1sqUBcoWC1jVb1wX5YVzHtpQox9JrEhGl+bNp7FYxB4Qba9OdA5GA==

"@ast-grep/napi-linux-x64-gnu@0.37.0":
  version "0.37.0"
  resolved "https://registry.npmmirror.com/@ast-grep/napi-linux-x64-gnu/-/napi-linux-x64-gnu-0.37.0.tgz#60957578911620da24f62b4f10c920290f0e5bf5"
  integrity sha512-TViz5/klqre6aSmJzswEIjApnGjJzstG/SE8VDWsrftMBMYt2PTu3MeluZVwzSqDao8doT/P+6U11dU05UOgxw==

"@ast-grep/napi-linux-x64-musl@0.37.0":
  version "0.37.0"
  resolved "https://registry.npmmirror.com/@ast-grep/napi-linux-x64-musl/-/napi-linux-x64-musl-0.37.0.tgz#58f3d2b7461d23b4a998e8122e58705c555fc887"
  integrity sha512-/BcCH33S9E3ovOAEoxYngUNXgb+JLg991sdyiNP2bSoYd30a9RHrG7CYwW6fMgua3ijQ474eV6cq9yZO1bCpXg==

"@ast-grep/napi-win32-arm64-msvc@0.37.0":
  version "0.37.0"
  resolved "https://registry.npmmirror.com/@ast-grep/napi-win32-arm64-msvc/-/napi-win32-arm64-msvc-0.37.0.tgz#15f330e317c017acb2d4b7862fe3c2b8c96eea15"
  integrity sha512-TjQA4cFoIEW2bgjLkaL9yqT4XWuuLa5MCNd0VCDhGRDMNQ9+rhwi9eLOWRaap3xzT7g+nlbcEHL3AkVCD2+b3A==

"@ast-grep/napi-win32-ia32-msvc@0.37.0":
  version "0.37.0"
  resolved "https://registry.npmmirror.com/@ast-grep/napi-win32-ia32-msvc/-/napi-win32-ia32-msvc-0.37.0.tgz#2fa6802f79c627e59cdd6363f171917b624690f6"
  integrity sha512-uNmVka8fJCdYsyOlF9aZqQMLTatEYBynjChVTzUfFMDfmZ0bihs/YTqJVbkSm8TZM7CUX82apvn50z/dX5iWRA==

"@ast-grep/napi-win32-x64-msvc@0.37.0":
  version "0.37.0"
  resolved "https://registry.npmmirror.com/@ast-grep/napi-win32-x64-msvc/-/napi-win32-x64-msvc-0.37.0.tgz#66007757f0831e36f5576839999fbd265210ed64"
  integrity sha512-vCiFOT3hSCQuHHfZ933GAwnPzmL0G04JxQEsBRfqONywyT8bSdDc/ECpAfr3S9VcS4JZ9/F6tkePKW/Om2Dq2g==

"@ast-grep/napi@0.37.0":
  version "0.37.0"
  resolved "https://registry.npmmirror.com/@ast-grep/napi/-/napi-0.37.0.tgz#e6a4806dfbbe570f4742fd9d048bdcc87328b29e"
  integrity sha512-Hb4o6h1Pf6yRUAX07DR4JVY7dmQw+RVQMW5/m55GoiAT/VRoKCWBtIUPPOnqDVhbx1Cjfil9b6EDrgJsUAujEQ==
  optionalDependencies:
    "@ast-grep/napi-darwin-arm64" "0.37.0"
    "@ast-grep/napi-darwin-x64" "0.37.0"
    "@ast-grep/napi-linux-arm64-gnu" "0.37.0"
    "@ast-grep/napi-linux-arm64-musl" "0.37.0"
    "@ast-grep/napi-linux-x64-gnu" "0.37.0"
    "@ast-grep/napi-linux-x64-musl" "0.37.0"
    "@ast-grep/napi-win32-arm64-msvc" "0.37.0"
    "@ast-grep/napi-win32-ia32-msvc" "0.37.0"
    "@ast-grep/napi-win32-x64-msvc" "0.37.0"

"@emnapi/core@^1.5.0":
  version "1.5.0"
  resolved "https://registry.npmmirror.com/@emnapi/core/-/core-1.5.0.tgz#85cd84537ec989cebb2343606a1ee663ce4edaf0"
  integrity sha512-sbP8GzB1WDzacS8fgNPpHlp6C9VZe+SJP3F90W9rLemaQj2PzIuTEl1qDOYQf58YIpyjViI24y9aPWCjEzY2cg==
  dependencies:
    "@emnapi/wasi-threads" "1.1.0"
    tslib "^2.4.0"

"@emnapi/runtime@^1.5.0":
  version "1.5.0"
  resolved "https://registry.npmmirror.com/@emnapi/runtime/-/runtime-1.5.0.tgz#9aebfcb9b17195dce3ab53c86787a6b7d058db73"
  integrity sha512-97/BJ3iXHww3djw6hYIfErCZFee7qCtrneuLa20UXFCOTCfBM2cvQHjWJ2EG0s0MtdNwInarqCTz35i4wWXHsQ==
  dependencies:
    tslib "^2.4.0"

"@emnapi/wasi-threads@1.1.0":
  version "1.1.0"
  resolved "https://registry.npmmirror.com/@emnapi/wasi-threads/-/wasi-threads-1.1.0.tgz#60b2102fddc9ccb78607e4a3cf8403ea69be41bf"
  integrity sha512-WI0DdZ8xFSbgMjR1sFsKABJ/C5OnRrjT06JXbZKexJGrDuPTzZdDYfFlsgcCXCyf+suG5QU2e/y1Wo2V/OapLQ==
  dependencies:
    tslib "^2.4.0"

"@module-federation/error-codes@0.18.0":
  version "0.18.0"
  resolved "https://registry.npmmirror.com/@module-federation/error-codes/-/error-codes-0.18.0.tgz#00830ece3b5b6bcda0a874a8426bcd94599bf738"
  integrity sha512-Woonm8ehyVIUPXChmbu80Zj6uJkC0dD9SJUZ/wOPtO8iiz/m+dkrOugAuKgoiR6qH4F+yorWila954tBz4uKsQ==

"@module-federation/runtime-core@0.18.0":
  version "0.18.0"
  resolved "https://registry.npmmirror.com/@module-federation/runtime-core/-/runtime-core-0.18.0.tgz#d696bce1001b42a3074613a9e51b1f9e843f5492"
  integrity sha512-ZyYhrDyVAhUzriOsVfgL6vwd+5ebYm595Y13KeMf6TKDRoUHBMTLGQ8WM4TDj8JNsy7LigncK8C03fn97of0QQ==
  dependencies:
    "@module-federation/error-codes" "0.18.0"
    "@module-federation/sdk" "0.18.0"

"@module-federation/runtime-tools@0.18.0":
  version "0.18.0"
  resolved "https://registry.npmmirror.com/@module-federation/runtime-tools/-/runtime-tools-0.18.0.tgz#8eddf50178974e0b2caaf8ad42e798eff3ab98e2"
  integrity sha512-fSga9o4t1UfXNV/Kh6qFvRyZpPp3EHSPRISNeyT8ZoTpzDNiYzhtw0BPUSSD8m6C6XQh2s/11rI4g80UY+d+hA==
  dependencies:
    "@module-federation/runtime" "0.18.0"
    "@module-federation/webpack-bundler-runtime" "0.18.0"

"@module-federation/runtime@0.18.0":
  version "0.18.0"
  resolved "https://registry.npmmirror.com/@module-federation/runtime/-/runtime-0.18.0.tgz#875486c67a0038d474a7efc890be5ee6f579ad38"
  integrity sha512-+C4YtoSztM7nHwNyZl6dQKGUVJdsPrUdaf3HIKReg/GQbrt9uvOlUWo2NXMZ8vDAnf/QRrpSYAwXHmWDn9Obaw==
  dependencies:
    "@module-federation/error-codes" "0.18.0"
    "@module-federation/runtime-core" "0.18.0"
    "@module-federation/sdk" "0.18.0"

"@module-federation/sdk@0.18.0":
  version "0.18.0"
  resolved "https://registry.npmmirror.com/@module-federation/sdk/-/sdk-0.18.0.tgz#47bdbc23768fc2b9aae4f70bad47d6454349c1c1"
  integrity sha512-Lo/Feq73tO2unjmpRfyyoUkTVoejhItXOk/h5C+4cistnHbTV8XHrW/13fD5e1Iu60heVdAhhelJd6F898Ve9A==

"@module-federation/webpack-bundler-runtime@0.18.0":
  version "0.18.0"
  resolved "https://registry.npmmirror.com/@module-federation/webpack-bundler-runtime/-/webpack-bundler-runtime-0.18.0.tgz#ba81a43800e6ceaff104a6956d9088b84df5a496"
  integrity sha512-TEvErbF+YQ+6IFimhUYKK3a5wapD90d90sLsNpcu2kB3QGT7t4nIluE25duXuZDVUKLz86tEPrza/oaaCWTpvQ==
  dependencies:
    "@module-federation/runtime" "0.18.0"
    "@module-federation/sdk" "0.18.0"

"@napi-rs/wasm-runtime@^1.0.5":
  version "1.0.7"
  resolved "https://registry.npmmirror.com/@napi-rs/wasm-runtime/-/wasm-runtime-1.0.7.tgz#dcfea99a75f06209a235f3d941e3460a51e9b14c"
  integrity sha512-SeDnOO0Tk7Okiq6DbXmmBODgOAb9dp9gjlphokTUxmt8U3liIP1ZsozBahH69j/RJv+Rfs6IwUKHTgQYJ/HBAw==
  dependencies:
    "@emnapi/core" "^1.5.0"
    "@emnapi/runtime" "^1.5.0"
    "@tybys/wasm-util" "^0.10.1"

"@rsbuild/core@~1.5.17":
  version "1.5.17"
  resolved "https://registry.npmmirror.com/@rsbuild/core/-/core-1.5.17.tgz#fcde33ab8213cfa84b8fd64f49c1c80a1d6182a3"
  integrity sha512-tHa4puv+pEooQvSewu/K5sm270nkVPcP07Ioz1c+fbFCrFpiZWV5XumgznilS80097glUrieN+9xTbIHGXjThQ==
  dependencies:
    "@rspack/core" "1.5.8"
    "@rspack/lite-tapable" "~1.0.1"
    "@swc/helpers" "^0.5.17"
    core-js "~3.46.0"
    jiti "^2.6.1"

"@rslib/core@^0.15.1":
  version "0.15.1"
  resolved "https://registry.npmmirror.com/@rslib/core/-/core-0.15.1.tgz#57ed54fd1caef4bd58cc877cab28c7d4fd6f75bb"
  integrity sha512-rNGGHJwxU1g6u2op5Jf2JMgbRCRmMZGCNPU099Ebp5ZgjmknyaU88YMJc8L6trfBU7M6yIYlqgepqg/0L8evew==
  dependencies:
    "@rsbuild/core" "~1.5.17"
    rsbuild-plugin-dts "0.15.1"

"@rspack/binding-darwin-arm64@1.5.8":
  version "1.5.8"
  resolved "https://registry.npmmirror.com/@rspack/binding-darwin-arm64/-/binding-darwin-arm64-1.5.8.tgz#a50909f7bad21de27ea770a86e0e3c85006d95e9"
  integrity sha512-spJfpOSN3f7V90ic45/ET2NKB2ujAViCNmqb0iGurMNQtFRq+7Kd+jvVKKGXKBHBbsQrFhidSWbbqy2PBPGK8g==

"@rspack/binding-darwin-x64@1.5.8":
  version "1.5.8"
  resolved "https://registry.npmmirror.com/@rspack/binding-darwin-x64/-/binding-darwin-x64-1.5.8.tgz#d69814aa7a1b30a901abb04bc573bf11d22f8fdb"
  integrity sha512-YFOzeL1IBknBcri8vjUp43dfUBylCeQnD+9O9p0wZmLAw7DtpN5JEOe2AkGo8kdTqJjYKI+cczJPKIw6lu1LWw==

"@rspack/binding-linux-arm64-gnu@1.5.8":
  version "1.5.8"
  resolved "https://registry.npmmirror.com/@rspack/binding-linux-arm64-gnu/-/binding-linux-arm64-gnu-1.5.8.tgz#3d2d21c0c9b3cc043335b6943ef404b7ceb559fc"
  integrity sha512-UAWCsOnpkvy8eAVRo0uipbHXDhnoDq5zmqWTMhpga0/a3yzCp2e+fnjZb/qnFNYb5MeL0O1mwMOYgn1M3oHILQ==

"@rspack/binding-linux-arm64-musl@1.5.8":
  version "1.5.8"
  resolved "https://registry.npmmirror.com/@rspack/binding-linux-arm64-musl/-/binding-linux-arm64-musl-1.5.8.tgz#9c6d5f2b5ec36b02e1d3b08edf8c33034d5fee24"
  integrity sha512-GnSvGT4GjokPSD45cTtE+g7LgghuxSP1MRmvd+Vp/I8pnxTVSTsebRod4TAqyiv+l11nuS8yqNveK9qiOkBLWw==

"@rspack/binding-linux-x64-gnu@1.5.8":
  version "1.5.8"
  resolved "https://registry.npmmirror.com/@rspack/binding-linux-x64-gnu/-/binding-linux-x64-gnu-1.5.8.tgz#45004557db9f3977e0bc1ead789a68c3904d1dec"
  integrity sha512-XLxh5n/pzUfxsugz/8rVBv+Tx2nqEM+9rharK69kfooDsQNKyz7PANllBQ/v4svJ+W0BRHnDL4qXSGdteZeEjA==

"@rspack/binding-linux-x64-musl@1.5.8":
  version "1.5.8"
  resolved "https://registry.npmmirror.com/@rspack/binding-linux-x64-musl/-/binding-linux-x64-musl-1.5.8.tgz#288d92af44d1460d634e41ec110bc500365e4e6e"
  integrity sha512-gE0+MZmwF+01p9/svpEESkzkLpBkVUG2o03YMpwXYC/maeRRhWvF8BJ7R3i/Ls/jFGSE87dKX5NbRLVzqksq/w==

"@rspack/binding-wasm32-wasi@1.5.8":
  version "1.5.8"
  resolved "https://registry.npmmirror.com/@rspack/binding-wasm32-wasi/-/binding-wasm32-wasi-1.5.8.tgz#a3398bef73dd011d7b789f66574dfdeb6a46f20e"
  integrity sha512-cfg3niNHeJuxuml1Vy9VvaJrI/5TakzoaZvKX2g5S24wfzR50Eyy4JAsZ+L2voWQQp1yMJbmPYPmnTCTxdJQBQ==
  dependencies:
    "@napi-rs/wasm-runtime" "^1.0.5"

"@rspack/binding-win32-arm64-msvc@1.5.8":
  version "1.5.8"
  resolved "https://registry.npmmirror.com/@rspack/binding-win32-arm64-msvc/-/binding-win32-arm64-msvc-1.5.8.tgz#13d923b9fecffe9b420ac25ceba24742e409ff22"
  integrity sha512-7i3ZTHFXKfU/9Jm9XhpMkrdkxO7lfeYMNVEGkuU5dyBfRMQj69dRgPL7zJwc2plXiqu9LUOl+TwDNTjap7Q36g==

"@rspack/binding-win32-ia32-msvc@1.5.8":
  version "1.5.8"
  resolved "https://registry.npmmirror.com/@rspack/binding-win32-ia32-msvc/-/binding-win32-ia32-msvc-1.5.8.tgz#d3da0d8ead85f6cd5bf1c439a3057ae74c21565e"
  integrity sha512-7ZPPWO11J+soea1+mnfaPpQt7GIodBM7A86dx6PbXgVEoZmetcWPrCF2NBfXxQWOKJ9L3RYltC4z+ZyXRgMOrw==

"@rspack/binding-win32-x64-msvc@1.5.8":
  version "1.5.8"
  resolved "https://registry.npmmirror.com/@rspack/binding-win32-x64-msvc/-/binding-win32-x64-msvc-1.5.8.tgz#36b36b8d208961ae2f800b1b0a2aa652878499c3"
  integrity sha512-N/zXQgzIxME3YUzXT8qnyzxjqcnXudWOeDh8CAG9zqTCnCiy16SFfQ/cQgEoLlD9geQntV6jx2GbDDI5kpDGMQ==

"@rspack/binding@1.5.8":
  version "1.5.8"
  resolved "https://registry.npmmirror.com/@rspack/binding/-/binding-1.5.8.tgz#8a529d734bd3e55cd504cdc7ccab9f31d4f96d2e"
  integrity sha512-/91CzhRl9r5BIQCgGsS7jA6MDbw1I2BQpbfcUUdkdKl2P79K3Zo/Mw/TvKzS86catwLaUQEgkGRmYawOfPg7ow==
  optionalDependencies:
    "@rspack/binding-darwin-arm64" "1.5.8"
    "@rspack/binding-darwin-x64" "1.5.8"
    "@rspack/binding-linux-arm64-gnu" "1.5.8"
    "@rspack/binding-linux-arm64-musl" "1.5.8"
    "@rspack/binding-linux-x64-gnu" "1.5.8"
    "@rspack/binding-linux-x64-musl" "1.5.8"
    "@rspack/binding-wasm32-wasi" "1.5.8"
    "@rspack/binding-win32-arm64-msvc" "1.5.8"
    "@rspack/binding-win32-ia32-msvc" "1.5.8"
    "@rspack/binding-win32-x64-msvc" "1.5.8"

"@rspack/core@1.5.8":
  version "1.5.8"
  resolved "https://registry.npmmirror.com/@rspack/core/-/core-1.5.8.tgz#d7c2aa848a469873b07cb01073b9311a80105794"
  integrity sha512-sUd2LfiDhqYVfvknuoz0+/c+wSpn693xotnG5g1CSWKZArbtwiYzBIVnNlcHGmuoBRsnj/TkSq8dTQ7gwfBroQ==
  dependencies:
    "@module-federation/runtime-tools" "0.18.0"
    "@rspack/binding" "1.5.8"
    "@rspack/lite-tapable" "1.0.1"

"@rspack/lite-tapable@1.0.1", "@rspack/lite-tapable@~1.0.1":
  version "1.0.1"
  resolved "https://registry.npmmirror.com/@rspack/lite-tapable/-/lite-tapable-1.0.1.tgz#d4540a5d28bd6177164bc0ba0bee4bdec0458591"
  integrity sha512-VynGOEsVw2s8TAlLf/uESfrgfrq2+rcXB1muPJYBWbsm1Oa6r5qVQhjA5ggM6z/coYPrsVMgovl3Ff7Q7OCp1w==

"@swc/helpers@^0.5.17":
  version "0.5.17"
  resolved "https://registry.npmmirror.com/@swc/helpers/-/helpers-0.5.17.tgz#5a7be95ac0f0bf186e7e6e890e7a6f6cda6ce971"
  integrity sha512-5IKx/Y13RsYd+sauPb2x+U/xZikHjolzfuDgTAl/Tdf3Q8rslRvC19NKDLgAJQ6wsqADk10ntlv08nPFw/gO/A==
  dependencies:
    tslib "^2.8.0"

"@tybys/wasm-util@^0.10.1":
  version "0.10.1"
  resolved "https://registry.npmmirror.com/@tybys/wasm-util/-/wasm-util-0.10.1.tgz#ecddd3205cf1e2d5274649ff0eedd2991ed7f414"
  integrity sha512-9tTaPJLSiejZKx+Bmog4uSubteqTvFrVrURwkmHixBo0G4seD0zUxp98E1DzUBJxLQ3NPwXrGKDiVjwx/DpPsg==
  dependencies:
    tslib "^2.4.0"

"@types/node@^22.18.10":
  version "22.18.11"
  resolved "https://registry.npmmirror.com/@types/node/-/node-22.18.11.tgz#aa8a8ccae8cc828512df642f0d82606b89450d71"
  integrity sha512-Gd33J2XIrXurb+eT2ktze3rJAfAp9ZNjlBdh4SVgyrKEOADwCbdUDaK7QgJno8Ue4kcajscsKqu6n8OBG3hhCQ==
  dependencies:
    undici-types "~6.21.0"

core-js@~3.46.0:
  version "3.46.0"
  resolved "https://registry.npmmirror.com/core-js/-/core-js-3.46.0.tgz#323a092b96381a9184d0cd49ee9083b2f93373bb"
  integrity sha512-vDMm9B0xnqqZ8uSBpZ8sNtRtOdmfShrvT6h2TuQGLs0Is+cR0DYbj/KWP6ALVNbWPpqA/qPLoOuppJN07humpA==

jiti@^2.6.1:
  version "2.6.1"
  resolved "https://registry.npmmirror.com/jiti/-/jiti-2.6.1.tgz#178ef2fc9a1a594248c20627cd820187a4d78d92"
  integrity sha512-ekilCSN1jwRvIbgeg/57YFh8qQDNbwDb9xT/qu2DAHbFFZUicIl4ygVaAvzveMhMVr3LnpSKTNnwt8PoOfmKhQ==

rsbuild-plugin-dts@0.15.1:
  version "0.15.1"
  resolved "https://registry.npmmirror.com/rsbuild-plugin-dts/-/rsbuild-plugin-dts-0.15.1.tgz#f9fb864de91306fe75e28b11db69888636b92cb5"
  integrity sha512-RPJK/ycEYECstXYmg1vfboB4oa/yC23J4HzLkhhF8iyNYwHNxC/fSPuHkfikhGbvYyxw4pq52xHO/Y4FqcW+yA==
  dependencies:
    "@ast-grep/napi" "0.37.0"

tslib@^2.4.0, tslib@^2.8.0:
  version "2.8.1"
  resolved "https://registry.npmmirror.com/tslib/-/tslib-2.8.1.tgz#612efe4ed235d567e8aba5f2a5fab70280ade83f"
  integrity sha512-oJFu94HQb+KVduSUQL7wnpmqnfmLsOA/nAh6b6EH0wCEoK0/mPeXU6c3wKDV83MkOuHPRHtSXKKU99IBazS/2w==

typescript@^5.9.3:
  version "5.9.3"
  resolved "https://registry.npmmirror.com/typescript/-/typescript-5.9.3.tgz#5b4f59e15310ab17a216f5d6cf53ee476ede670f"
  integrity sha512-jl1vZzPDinLr9eUt3J/t7V6FgNEw9QjvBPdysz9KfQDD41fQrC2Y4vKQdiaUpFT4bXlb1RHhLpp8wtm6M5TgSw==

undici-types@~6.21.0:
  version "6.21.0"
  resolved "https://registry.npmmirror.com/undici-types/-/undici-types-6.21.0.tgz#691d00af3909be93a7faa13be61b3a5b50ef12cb"
  integrity sha512-iwDZqg0QAGrg9Rav5H4n0M64c3mkR59cJ6wQp+7C4nI0gsmExaedaYLNO44eT4AtBBwjbTiGPMlt2Md0T9H9JQ==
